
Microsoft Visual Studio Solution File, Format Version 12.00
# Visual Studio Version 17
VisualStudioVersion = 17.3.32825.248
MinimumVisualStudioVersion = 10.0.40219.1
Project("{FAE04EC0-301F-11D3-BF4B-00C04F79EFBC}") = "Proyecto TP Integrador", "Proyecto TP Integrador\Proyecto TP Integrador.csproj", "{C7B0E5BB-63DD-47F9-99D8-41BD2AD20523}"
EndProject
Global
	GlobalSection(SolutionConfigurationPlatforms) = preSolution
		Debug|Any CPU = Debug|Any CPU
		Release|Any CPU = Release|Any CPU
	EndGlobalSection
	GlobalSection(ProjectConfigurationPlatforms) = postSolution
		{C7B0E5BB-63DD-47F9-99D8-41BD2AD20523}.Debug|Any CPU.ActiveCfg = Debug|Any CPU
		{C7B0E5BB-63DD-47F9-99D8-41BD2AD20523}.Debug|Any CPU.Build.0 = Debug|Any CPU
		{C7B0E5BB-63DD-47F9-99D8-41BD2AD20523}.Release|Any CPU.ActiveCfg = Release|Any CPU
		{C7B0E5BB-63DD-47F9-99D8-41BD2AD20523}.Release|Any CPU.Build.0 = Release|Any CPU
	EndGlobalSection
	GlobalSection(SolutionProperties) = preSolution
		HideSolutionNode = FALSE
	EndGlobalSection
	GlobalSection(ExtensibilityGlobals) = postSolution
		SolutionGuid = {D0E20FB2-4E6C-4681-B30E-2FE4A6E0754A}
	EndGlobalSection
EndGlobal
